Microsoft Visual Studio Solution File, Format Version 12.00
# Visual Studio Version 17
VisualStudioVersion = 17.11.35327.3
MinimumVisualStudioVersion = 10.0.40219.1
Project("{966F4692-27AA-5C54-27A2-C89BD8801BA0}") = "MiyakoCarryServiceAIClient", "MiyakoCarryServiceAIClient.csproj", "{3EA53D11-7810-8C02-7B7D-F72269E4265C}"
EndProject
Project("{5F678D71-2358-29C6-B3C2-AD51A071C64E}") = "MiyakoCarryServiceClient", "..\..\Client\MiyakoCarryServiceClient.csproj", "{696AB45E-1303-48B7-9D03-C691EC3EAF71}"
EndProject
Global
	GlobalSection(SolutionConfigurationPlatforms) = preSolution
		Debug|Any CPU = Debug|Any CPU
		Release|Any CPU = Release|Any CPU
	EndGlobalSection
	GlobalSection(ProjectConfigurationPlatforms) = postSolution
		{3EA53D11-7810-8C02-7B7D-F72269E4265C}.Debug|Any CPU.ActiveCfg = Debug|Any CPU
		{3EA53D11-7810-8C02-7B7D-F72269E4265C}.Debug|Any CPU.Build.0 = Debug|Any CPU
		{3EA53D11-7810-8C02-7B7D-F72269E4265C}.Release|Any CPU.ActiveCfg = Release|Any CPU
		{3EA53D11-7810-8C02-7B7D-F72269E4265C}.Release|Any CPU.Build.0 = Release|Any CPU

        {696AB45E-1303-48B7-9D03-C691EC3EAF71}.Debug|Any CPU.ActiveCfg = Debug|Any CPU
		{696AB45E-1303-48B7-9D03-C691EC3EAF71}.Debug|Any CPU.Build.0 = Debug|Any CPU
		{696AB45E-1303-48B7-9D03-C691EC3EAF71}.Release|Any CPU.ActiveCfg = Release|Any CPU
		{696AB45E-1303-48B7-9D03-C691EC3EAF71}.Release|Any CPU.Build.0 = Release|Any CPU
	EndGlobalSection
	GlobalSection(SolutionProperties) = preSolution
		HideSolutionNode = FALSE
	EndGlobalSection
	GlobalSection(ExtensibilityGlobals) = postSolution
		SolutionGuid = {12FA15C8-87A6-AB70-E706-593D4349508B}
	EndGlobalSection
EndGlobal